// !$*UTF8*$!
{
	archiveVersion = 1;
	classes = {
	};
	objectVersion = 55;
	objects = {

/* Begin PBXBuildFile section */
		A9D2E3E42744A5C40085DB26 /* AppDelegate.swift in Sources */ = {isa = PBXBuildFile; fileRef = A9D2E3E32744A5C40085DB26 /* AppDelegate.swift */; };
		A9D2E3E62744A5C40085DB26 /* SceneDelegate.swift in Sources */ = {isa = PBXBuildFile; fileRef = A9D2E3E52744A5C40085DB26 /* SceneDelegate.swift */; };
		A9D2E3E82744A5C40085DB26 /* ViewController.swift in Sources */ = {isa = PBXBuildFile; fileRef = A9D2E3E72744A5C40085DB26 /* ViewController.swift */; };
		A9D2E3EB2744A5C40085DB26 /* Main.storyboard in Resources */ = {isa = PBXBuildFile; fileRef = A9D2E3E92744A5C40085DB26 /* Main.storyboard */; };
		A9D2E3ED2744A5C60085DB26 /* Assets.xcassets in Resources */ = {isa = PBXBuildFile; fileRef = A9D2E3EC2744A5C60085DB26 /* Assets.xcassets */; };
		A9D2E3F02744A5C60085DB26 /* LaunchScreen.storyboard in Resources */ = {isa = PBXBuildFile; fileRef = A9D2E3EE2744A5C60085DB26 /* LaunchScreen.storyboard */; };
		A9D2E3F82744A6030085DB26 /* File.swift in Sources */ = {isa = PBXBuildFile; fileRef = A9D2E3F72744A6030085DB26 /* File.swift */; };
		A9D2E3FC2744B0E50085DB26 /* CB_UsageDescription.png in Resources */ = {isa = PBXBuildFile; fileRef = A9D2E3FB2744B0E50085DB26 /* CB_UsageDescription.png */; };
		A9D2E4032744B1020085DB26 /* rendered2x-1591202374.png in Resources */ = {isa = PBXBuildFile; fileRef = A9D2E3FD2744B1020085DB26 /* rendered2x-1591202374.png */; };
		A9D2E4042744B1020085DB26 /* CSV.png in Resources */ = {isa = PBXBuildFile; fileRef = A9D2E3FE2744B1020085DB26 /* CSV.png */; };
		A9D2E4052744B1020085DB26 /* MCBrowserViewController.jpg in Resources */ = {isa = PBXBuildFile; fileRef = A9D2E3FF2744B1020085DB26 /* MCBrowserViewController.jpg */; };
		A9D2E4062744B1020085DB26 /* MC_UsageDescription.png in Resources */ = {isa = PBXBuildFile; fileRef = A9D2E4002744B1020085DB26 /* MC_UsageDescription.png */; };
		A9D2E4072744B1020085DB26 /* NI_UsageDescription.png in Resources */ = {isa = PBXBuildFile; fileRef = A9D2E4012744B1020085DB26 /* NI_UsageDescription.png */; };
		A9D2E4082744B1020085DB26 /* rendered2x-1591201856.png in Resources */ = {isa = PBXBuildFile; fileRef = A9D2E4022744B1020085DB26 /* rendered2x-1591201856.png */; };
/* End PBXBuildFile section */

/* Begin PBXFileReference section */
		A9D2E3E02744A5C40085DB26 /* NearbyInteractionByMultipeerConnectivity.app */ = {isa = PBXFileReference; explicitFileType = wrapper.application; includeInIndex = 0; path = NearbyInteractionByMultipeerConnectivity.app; sourceTree = BUILT_PRODUCTS_DIR; };
		A9D2E3E32744A5C40085DB26 /* AppDelegate.swift */ = {isa = PBXFileReference; lastKnownFileType = sourcecode.swift; path = AppDelegate.swift; sourceTree = "<group>"; };
		A9D2E3E52744A5C40085DB26 /* SceneDelegate.swift */ = {isa = PBXFileReference; lastKnownFileType = sourcecode.swift; path = SceneDelegate.swift; sourceTree = "<group>"; };
		A9D2E3E72744A5C40085DB26 /* ViewController.swift */ = {isa = PBXFileReference; lastKnownFileType = sourcecode.swift; path = ViewController.swift; sourceTree = "<group>"; };
		A9D2E3EA2744A5C40085DB26 /* Base */ = {isa = PBXFileReference; lastKnownFileType = file.storyboard; name = Base; path = Base.lproj/Main.storyboard; sourceTree = "<group>"; };
		A9D2E3EC2744A5C60085DB26 /* Assets.xcassets */ = {isa = PBXFileReference; lastKnownFileType = folder.assetcatalog; path = Assets.xcassets; sourceTree = "<group>"; };
		A9D2E3EF2744A5C60085DB26 /* Base */ = {isa = PBXFileReference; lastKnownFileType = file.storyboard; name = Base; path = Base.lproj/LaunchScreen.storyboard; sourceTree = "<group>"; };
		A9D2E3F12744A5C60085DB26 /* Info.plist */ = {isa = PBXFileReference; lastKnownFileType = text.plist.xml; path = Info.plist; sourceTree = "<group>"; };
		A9D2E3F72744A6030085DB26 /* File.swift */ = {isa = PBXFileReference; lastKnownFileType = sourcecode.swift; path = File.swift; sourceTree = "<group>"; };
		A9D2E3F92744A90B0085DB26 /* README.md */ = {isa = PBXFileReference; lastKnownFileType = net.daringfireball.markdown; path = README.md; sourceTree = "<group>"; };
		A9D2E3FB2744B0E50085DB26 /* CB_UsageDescription.png */ = {isa = PBXFileReference; lastKnownFileType = image.png; path = CB_UsageDescription.png; sourceTree = "<group>"; };
		A9D2E3FD2744B1020085DB26 /* rendered2x-1591202374.png */ = {isa = PBXFileReference; lastKnownFileType = image.png; path = "rendered2x-1591202374.png"; sourceTree = "<group>"; };
		A9D2E3FE2744B1020085DB26 /* CSV.png */ = {isa = PBXFileReference; lastKnownFileType = image.png; path = CSV.png; sourceTree = "<group>"; };
		A9D2E3FF2744B1020085DB26 /* MCBrowserViewController.jpg */ = {isa = PBXFileReference; lastKnownFileType = image.jpeg; path = MCBrowserViewController.jpg; sourceTree = "<group>"; };
		A9D2E4002744B1020085DB26 /* MC_UsageDescription.png */ = {isa = PBXFileReference; lastKnownFileType = image.png; path = MC_UsageDescription.png; sourceTree = "<group>"; };
		A9D2E4012744B1020085DB26 /* NI_UsageDescription.png */ = {isa = PBXFileReference; lastKnownFileType = image.png; path = NI_UsageDescription.png; sourceTree = "<group>"; };
		A9D2E4022744B1020085DB26 /* rendered2x-1591201856.png */ = {isa = PBXFileReference; lastKnownFileType = image.png; path = "rendered2x-1591201856.png"; sourceTree = "<group>"; };
/* End PBXFileReference section */

/* Begin PBXFrameworksBuildPhase section */
		A9D2E3DD2744A5C40085DB26 /* Frameworks */ = {
			isa = PBXFrameworksBuildPhase;
			buildActionMask = 2147483647;
			files = (
			);
			runOnlyForDeploymentPostprocessing = 0;
		};
/* End PBXFrameworksBuildPhase section */

/* Begin PBXGroup section */
		A9D2E3D72744A5C40085DB26 = {
			isa = PBXGroup;
			children = (
				A9D2E3F92744A90B0085DB26 /* README.md */,
				A9D2E3FA2744B0B70085DB26 /* img */,
				A9D2E3E22744A5C40085DB26 /* NearbyInteractionByMultipeerConnectivity */,
				A9D2E3E12744A5C40085DB26 /* Products */,
			);
			sourceTree = "<group>";
		};
		A9D2E3E12744A5C40085DB26 /* Products */ = {
			isa = PBXGroup;
			children = (
				A9D2E3E02744A5C40085DB26 /* NearbyInteractionByMultipeerConnectivity.app */,
			);
			name = Products;
			sourceTree = "<group>";
		};
		A9D2E3E22744A5C40085DB26 /* NearbyInteractionByMultipeerConnectivity */ = {
			isa = PBXGroup;
			children = (
				A9D2E3E32744A5C40085DB26 /* AppDelegate.swift */,
				A9D2E3E52744A5C40085DB26 /* SceneDelegate.swift */,
				A9D2E3E72744A5C40085DB26 /* ViewController.swift */,
				A9D2E3F72744A6030085DB26 /* File.swift */,
				A9D2E3E92744A5C40085DB26 /* Main.storyboard */,
				A9D2E3EC2744A5C60085DB26 /* Assets.xcassets */,
				A9D2E3EE2744A5C60085DB26 /* LaunchScreen.storyboard */,
				A9D2E3F12744A5C60085DB26 /* Info.plist */,
			);
			path = NearbyInteractionByMultipeerConnectivity;
			sourceTree = "<group>";
		};
		A9D2E3FA2744B0B70085DB26 /* img */ = {
			isa = PBXGroup;
			children = (
				A9D2E3FB2744B0E50085DB26 /* CB_UsageDescription.png */,
				A9D2E3FE2744B1020085DB26 /* CSV.png */,
				A9D2E4002744B1020085DB26 /* MC_UsageDescription.png */,
				A9D2E3FF2744B1020085DB26 /* MCBrowserViewController.jpg */,
				A9D2E4012744B1020085DB26 /* NI_UsageDescription.png */,
				A9D2E4022744B1020085DB26 /* rendered2x-1591201856.png */,
				A9D2E3FD2744B1020085DB26 /* rendered2x-1591202374.png */,
			);
			path = img;
			sourceTree = "<group>";
		};
/* End PBXGroup section */

/* Begin PBXNativeTarget section */
		A9D2E3DF2744A5C40085DB26 /* NearbyInteractionByMultipeerConnectivity */ = {
			isa = PBXNativeTarget;
			buildConfigurationList = A9D2E3F42744A5C60085DB26 /* Build configuration list for PBXNativeTarget "NearbyInteractionByMultipeerConnectivity" */;
			buildPhases = (
				A9D2E3DC2744A5C40085DB26 /* Sources */,
				A9D2E3DD2744A5C40085DB26 /* Frameworks */,
				A9D2E3DE2744A5C40085DB26 /* Resources */,
			);
			buildRules = (
			);
			dependencies = (
			);
			name = NearbyInteractionByMultipeerConnectivity;
			productName = NearbyInteractionByMultipeerConnectivity;
			productReference = A9D2E3E02744A5C40085DB26 /* NearbyInteractionByMultipeerConnectivity.app */;
			productType = "com.apple.product-type.application";
		};
/* End PBXNativeTarget section */

/* Begin PBXProject section */
		A9D2E3D82744A5C40085DB26 /* Project object */ = {
			isa = PBXProject;
			attributes = {
				BuildIndependentTargetsInParallel = 1;
				LastSwiftUpdateCheck = 1310;
				LastUpgradeCheck = 1310;
				TargetAttributes = {
					A9D2E3DF2744A5C40085DB26 = {
						CreatedOnToolsVersion = 13.1;
					};
				};
			};
			buildConfigurationList = A9D2E3DB2744A5C40085DB26 /* Build configuration list for PBXProject "NearbyInteractionByMultipeerConnectivity" */;
			compatibilityVersion = "Xcode 13.0";
			developmentRegion = en;
			hasScannedForEncodings = 0;
			knownRegions = (
				en,
				Base,
			);
			mainGroup = A9D2E3D72744A5C40085DB26;
			productRefGroup = A9D2E3E12744A5C40085DB26 /* Products */;
			projectDirPath = "";
			projectRoot = "";
			targets = (
				A9D2E3DF2744A5C40085DB26 /* NearbyInteractionByMultipeerConnectivity */,
			);
		};
/* End PBXProject section */

/* Begin PBXResourcesBuildPhase section */
		A9D2E3DE2744A5C40085DB26 /* Resources */ = {
			isa = PBXResourcesBuildPhase;
			buildActionMask = 2147483647;
			files = (
				A9D2E4082744B1020085DB26 /* rendered2x-1591201856.png in Resources */,
				A9D2E4042744B1020085DB26 /* CSV.png in Resources */,
				A9D2E4052744B1020085DB26 /* MCBrowserViewController.jpg in Resources */,
				A9D2E4072744B1020085DB26 /* NI_UsageDescription.png in Resources */,
				A9D2E4062744B1020085DB26 /* MC_UsageDescription.png in Resources */,
				A9D2E3F02744A5C60085DB26 /* LaunchScreen.storyboard in Resources */,
				A9D2E4032744B1020085DB26 /* rendered2x-1591202374.png in Resources */,
				A9D2E3ED2744A5C60085DB26 /* Assets.xcassets in Resources */,
				A9D2E3EB2744A5C40085DB26 /* Main.storyboard in Resources */,
				A9D2E3FC2744B0E50085DB26 /* CB_UsageDescription.png in Resources */,
			);
			runOnlyForDeploymentPostprocessing = 0;
		};
/* End PBXResourcesBuildPhase section */

/* Begin PBXSourcesBuildPhase section */
		A9D2E3DC2744A5C40085DB26 /* Sources */ = {
			isa = PBXSourcesBuildPhase;
			buildActionMask = 2147483647;
			files = (
				A9D2E3E82744A5C40085DB26 /* ViewController.swift in Sources */,
				A9D2E3F82744A6030085DB26 /* File.swift in Sources */,
				A9D2E3E42744A5C40085DB26 /* AppDelegate.swift in Sources */,
				A9D2E3E62744A5C40085DB26 /* SceneDelegate.swift in Sources */,
			);
			runOnlyForDeploymentPostprocessing = 0;
		};
/* End PBXSourcesBuildPhase section */

/* Begin PBXVariantGroup section */
		A9D2E3E92744A5C40085DB26 /* Main.storyboard */ = {
			isa = PBXVariantGroup;
			children = (
				A9D2E3EA2744A5C40085DB26 /* Base */,
			);
			name = Main.storyboard;
			sourceTree = "<group>";
		};
		A9D2E3EE2744A5C60085DB26 /* LaunchScreen.storyboard */ = {
			isa = PBXVariantGroup;
			children = (
				A9D2E3EF2744A5C60085DB26 /* Base */,
			);
			name = LaunchScreen.storyboard;
			sourceTree = "<group>";
		};
/* End PBXVariantGroup section */

/* Begin XCBuildConfiguration section */
		A9D2E3F22744A5C60085DB26 /* Debug */ = {
			isa = XCBuildConfiguration;
			buildSettings = {
				ALWAYS_SEARCH_USER_PATHS = NO;
				CLANG_ANALYZER_NONNULL = YES;
				CLANG_ANALYZER_NUMBER_OBJECT_CONVERSION = YES_AGGRESSIVE;
				CLANG_CXX_LANGUAGE_STANDARD = "gnu++17";
				CLANG_CXX_LIBRARY = "libc++";
				CLANG_ENABLE_MODULES = YES;
				CLANG_ENABLE_OBJC_ARC = YES;
				CLANG_ENABLE_OBJC_WEAK = YES;
				CLANG_WARN_BLOCK_CAPTURE_AUTORELEASING = YES;
				CLANG_WARN_BOOL_CONVERSION = YES;
				CLANG_WARN_COMMA = YES;
				CLANG_WARN_CONSTANT_CONVERSION = YES;
				CLANG_WARN_DEPRECATED_OBJC_IMPLEMENTATIONS = YES;
				CLANG_WARN_DIRECT_OBJC_ISA_USAGE = YES_ERROR;
				CLANG_WARN_DOCUMENTATION_COMMENTS = YES;
				CLANG_WARN_EMPTY_BODY = YES;
				CLANG_WARN_ENUM_CONVERSION = YES;
				CLANG_WARN_INFINITE_RECURSION = YES;
				CLANG_WARN_INT_CONVERSION = YES;
				CLANG_WARN_NON_LITERAL_NULL_CONVERSION = YES;
				CLANG_WARN_OBJC_IMPLICIT_RETAIN_SELF = YES;
				CLANG_WARN_OBJC_LITERAL_CONVERSION = YES;
				CLANG_WARN_OBJC_ROOT_CLASS = YES_ERROR;
				CLANG_WARN_QUOTED_INCLUDE_IN_FRAMEWORK_HEADER = YES;
				CLANG_WARN_RANGE_LOOP_ANALYSIS = YES;
				CLANG_WARN_STRICT_PROTOTYPES = YES;
				CLANG_WARN_SUSPICIOUS_MOVE = YES;
				CLANG_WARN_UNGUARDED_AVAILABILITY = YES_AGGRESSIVE;
				CLANG_WARN_UNREACHABLE_CODE = YES;
				CLANG_WARN__DUPLICATE_METHOD_MATCH = YES;
				COPY_PHASE_STRIP = NO;
				DEBUG_INFORMATION_FORMAT = dwarf;
				ENABLE_STRICT_OBJC_MSGSEND = YES;
				ENABLE_TESTABILITY = YES;
				GCC_C_LANGUAGE_STANDARD = gnu11;
				GCC_DYNAMIC_NO_PIC = NO;
				GCC_NO_COMMON_BLOCKS = YES;
				GCC_OPTIMIZATION_LEVEL = 0;
				GCC_PREPROCESSOR_DEFINITIONS = (
					"DEBUG=1",
					"$(inherited)",
				);
				GCC_WARN_64_TO_32_BIT_CONVERSION = YES;
				GCC_WARN_ABOUT_RETURN_TYPE = YES_ERROR;
				GCC_WARN_UNDECLARED_SELECTOR = YES;
				GCC_WARN_UNINITIALIZED_AUTOS = YES_AGGRESSIVE;
				GCC_WARN_UNUSED_FUNCTION = YES;
				GCC_WARN_UNUSED_VARIABLE = YES;
				IPHONEOS_DEPLOYMENT_TARGET = 15.0;
				MTL_ENABLE_DEBUG_INFO = INCLUDE_SOURCE;
				MTL_FAST_MATH = YES;
				ONLY_ACTIVE_ARCH = YES;
				SDKROOT = iphoneos;
				SWIFT_ACTIVE_COMPILATION_CONDITIONS = DEBUG;
				SWIFT_OPTIMIZATION_LEVEL = "-Onone";
			};
			name = Debug;
		};
		A9D2E3F32744A5C60085DB26 /* Release */ = {
			isa = XCBuildConfiguration;
			buildSettings = {
				ALWAYS_SEARCH_USER_PATHS = NO;
				CLANG_ANALYZER_NONNULL = YES;
				CLANG_ANALYZER_NUMBER_OBJECT_CONVERSION = YES_AGGRESSIVE;
				CLANG_CXX_LANGUAGE_STANDARD = "gnu++17";
				CLANG_CXX_LIBRARY = "libc++";
				CLANG_ENABLE_MODULES = YES;
				CLANG_ENABLE_OBJC_ARC = YES;
				CLANG_ENABLE_OBJC_WEAK = YES;
				CLANG_WARN_BLOCK_CAPTURE_AUTORELEASING = YES;
				CLANG_WARN_BOOL_CONVERSION = YES;
				CLANG_WARN_COMMA = YES;
				CLANG_WARN_CONSTANT_CONVERSION = YES;
				CLANG_WARN_DEPRECATED_OBJC_IMPLEMENTATIONS = YES;
				CLANG_WARN_DIRECT_OBJC_ISA_USAGE = YES_ERROR;
				CLANG_WARN_DOCUMENTATION_COMMENTS = YES;
				CLANG_WARN_EMPTY_BODY = YES;
				CLANG_WARN_ENUM_CONVERSION = YES;
				CLANG_WARN_INFINITE_RECURSION = YES;
				CLANG_WARN_INT_CONVERSION = YES;
				CLANG_WARN_NON_LITERAL_NULL_CONVERSION = YES;
				CLANG_WARN_OBJC_IMPLICIT_RETAIN_SELF = YES;
				CLANG_WARN_OBJC_LITERAL_CONVERSION = YES;
				CLANG_WARN_OBJC_ROOT_CLASS = YES_ERROR;
				CLANG_WARN_QUOTED_INCLUDE_IN_FRAMEWORK_HEADER = YES;
				CLANG_WARN_RANGE_LOOP_ANALYSIS = YES;
				CLANG_WARN_STRICT_PROTOTYPES = YES;
				CLANG_WARN_SUSPICIOUS_MOVE = YES;
				CLANG_WARN_UNGUARDED_AVAILABILITY = YES_AGGRESSIVE;
				CLANG_WARN_UNREACHABLE_CODE = YES;
				CLANG_WARN__DUPLICATE_METHOD_MATCH = YES;
				COPY_PHASE_STRIP = NO;
				DEBUG_INFORMATION_FORMAT = "dwarf-with-dsym";
				ENABLE_NS_ASSERTIONS = NO;
				ENABLE_STRICT_OBJC_MSGSEND = YES;
				GCC_C_LANGUAGE_STANDARD = gnu11;
				GCC_NO_COMMON_BLOCKS = YES;
				GCC_WARN_64_TO_32_BIT_CONVERSION = YES;
				GCC_WARN_ABOUT_RETURN_TYPE = YES_ERROR;
				GCC_WARN_UNDECLARED_SELECTOR = YES;
				GCC_WARN_UNINITIALIZED_AUTOS = YES_AGGRESSIVE;
				GCC_WARN_UNUSED_FUNCTION = YES;
				GCC_WARN_UNUSED_VARIABLE = YES;
				IPHONEOS_DEPLOYMENT_TARGET = 15.0;
				MTL_ENABLE_DEBUG_INFO = NO;
				MTL_FAST_MATH = YES;
				SDKROOT = iphoneos;
				SWIFT_COMPILATION_MODE = wholemodule;
				SWIFT_OPTIMIZATION_LEVEL = "-O";
				VALIDATE_PRODUCT = YES;
			};
			name = Release;
		};
		A9D2E3F52744A5C60085DB26 /* Debug */ = {
			isa = XCBuildConfiguration;
			buildSettings = {
				ASSETCATALOG_COMPILER_APPICON_NAME = AppIcon;
				ASSETCATALOG_COMPILER_GLOBAL_ACCENT_COLOR_NAME = AccentColor;
				CODE_SIGN_STYLE = Automatic;
				CURRENT_PROJECT_VERSION = 1;
				DEVELOPMENT_TEAM = BDVDN9SNKG;
				GENERATE_INFOPLIST_FILE = YES;
				INFOPLIST_FILE = NearbyInteractionByMultipeerConnectivity/Info.plist;
				INFOPLIST_KEY_CFBundleDisplayName = "NI by MC";
				INFOPLIST_KEY_NSLocalNetworkUsageDescription = "For exchanging the discovery token.";
				INFOPLIST_KEY_NSNearbyInteractionUsageDescription = "For the peer's direction and distance.";
				INFOPLIST_KEY_UIApplicationSupportsIndirectInputEvents = YES;
				INFOPLIST_KEY_UILaunchStoryboardName = LaunchScreen;
				INFOPLIST_KEY_UIMainStoryboardFile = Main;
				INFOPLIST_KEY_UISupportedInterfaceOrientations_iPad = "UIInterfaceOrientationPortrait UIInterfaceOrientationPortraitUpsideDown UIInterfaceOrientationLandscapeLeft UIInterfaceOrientationLandscapeRight";
				INFOPLIST_KEY_UISupportedInterfaceOrientations_iPhone = "UIInterfaceOrientationPortrait UIInterfaceOrientationLandscapeLeft UIInterfaceOrientationLandscapeRight";
				LD_RUNPATH_SEARCH_PATHS = (
					"$(inherited)",
					"@executable_path/Frameworks",
				);
				MARKETING_VERSION = 1.0;
				PRODUCT_BUNDLE_IDENTIFIER = jp.com.mizuno.NearbyInteractionByMultipeerConnectivity;
				PRODUCT_NAME = "$(TARGET_NAME)";
				SWIFT_EMIT_LOC_STRINGS = YES;
				SWIFT_VERSION = 5.0;
				TARGETED_DEVICE_FAMILY = "1,2";
			};
			name = Debug;
		};
		A9D2E3F62744A5C60085DB26 /* Release */ = {
			isa = XCBuildConfiguration;
			buildSettings = {
				ASSETCATALOG_COMPILER_APPICON_NAME = AppIcon;
				ASSETCATALOG_COMPILER_GLOBAL_ACCENT_COLOR_NAME = AccentColor;
				CODE_SIGN_STYLE = Automatic;
				CURRENT_PROJECT_VERSION = 1;
				DEVELOPMENT_TEAM = BDVDN9SNKG;
				GENERATE_INFOPLIST_FILE = YES;
				INFOPLIST_FILE = NearbyInteractionByMultipeerConnectivity/Info.plist;
				INFOPLIST_KEY_CFBundleDisplayName = "NI by MC";
				INFOPLIST_KEY_NSLocalNetworkUsageDescription = "For exchanging the discovery token.";
				INFOPLIST_KEY_NSNearbyInteractionUsageDescription = "For the peer's direction and distance.";
				INFOPLIST_KEY_UIApplicationSupportsIndirectInputEvents = YES;
				INFOPLIST_KEY_UILaunchStoryboardName = LaunchScreen;
				INFOPLIST_KEY_UIMainStoryboardFile = Main;
				INFOPLIST_KEY_UISupportedInterfaceOrientations_iPad = "UIInterfaceOrientationPortrait UIInterfaceOrientationPortraitUpsideDown UIInterfaceOrientationLandscapeLeft UIInterfaceOrientationLandscapeRight";
				INFOPLIST_KEY_UISupportedInterfaceOrientations_iPhone = "UIInterfaceOrientationPortrait UIInterfaceOrientationLandscapeLeft UIInterfaceOrientationLandscapeRight";
				LD_RUNPATH_SEARCH_PATHS = (
					"$(inherited)",
					"@executable_path/Frameworks",
				);
				MARKETING_VERSION = 1.0;
				PRODUCT_BUNDLE_IDENTIFIER = jp.com.mizuno.NearbyInteractionByMultipeerConnectivity;
				PRODUCT_NAME = "$(TARGET_NAME)";
				SWIFT_EMIT_LOC_STRINGS = YES;
				SWIFT_VERSION = 5.0;
				TARGETED_DEVICE_FAMILY = "1,2";
			};
			name = Release;
		};
/* End XCBuildConfiguration section */

/* Begin XCConfigurationList section */
		A9D2E3DB2744A5C40085DB26 /* Build configuration list for PBXProject "NearbyInteractionByMultipeerConnectivity" */ = {
			isa = XCConfigurationList;
			buildConfigurations = (
				A9D2E3F22744A5C60085DB26 /* Debug */,
				A9D2E3F32744A5C60085DB26 /* Release */,
			);
			defaultConfigurationIsVisible = 0;
			defaultConfigurationName = Release;
		};
		A9D2E3F42744A5C60085DB26 /* Build configuration list for PBXNativeTarget "NearbyInteractionByMultipeerConnectivity" */ = {
			isa = XCConfigurationList;
			buildConfigurations = (
				A9D2E3F52744A5C60085DB26 /* Debug */,
				A9D2E3F62744A5C60085DB26 /* Release */,
			);
			defaultConfigurationIsVisible = 0;
			defaultConfigurationName = Release;
		};
/* End XCConfigurationList section */
	};
	rootObject = A9D2E3D82744A5C40085DB26 /* Project object */;
}
